
Microsoft Visual Studio Solution File, Format Version 12.00
# Visual Studio 14
VisualStudioVersion = 14.0.22823.1
MinimumVisualStudioVersion = 10.0.40219.1
Project("{FAE04EC0-301F-11D3-BF4B-00C04F79EFBC}") = "Simulation project", "Simulation project\Simulation project.csproj", "{CF034E86-133D-4E75-AC5D-9A504507623B}"
EndProject
Global
	GlobalSection(SolutionConfigurationPlatforms) = preSolution
		Debug|Any CPU = Debug|Any CPU
		Release|Any CPU = Release|Any CPU
	EndGlobalSection
	GlobalSection(ProjectConfigurationPlatforms) = postSolution
		{CF034E86-133D-4E75-AC5D-9A504507623B}.Debug|Any CPU.ActiveCfg = Debug|Any CPU
		{CF034E86-133D-4E75-AC5D-9A504507623B}.Debug|Any CPU.Build.0 = Debug|Any CPU
		{CF034E86-133D-4E75-AC5D-9A504507623B}.Release|Any CPU.ActiveCfg = Release|Any CPU
		{CF034E86-133D-4E75-AC5D-9A504507623B}.Release|Any CPU.Build.0 = Release|Any CPU
	EndGlobalSection
	GlobalSection(SolutionProperties) = preSolution
		HideSolutionNode = FALSE
	EndGlobalSection
EndGlobal
